// !$*UTF8*$!
{
	archiveVersion = 1;
	classes = {
	};
	objectVersion = 77;
	objects = {

/* Begin PBXBuildFile section */
		236F6EE12DF37CEB005BFDB0 /* FirebaseAI in Frameworks */ = {isa = PBXBuildFile; productRef = 236F6EE02DF37CEB005BFDB0 /* FirebaseAI */; };
		236F6EE32DF37CEB005BFDB0 /* FirebaseAnalytics in Frameworks */ = {isa = PBXBuildFile; productRef = 236F6EE22DF37CEB005BFDB0 /* FirebaseAnalytics */; };
		236F6EE52DF37CEB005BFDB0 /* FirebaseAnalyticsCore in Frameworks */ = {isa = PBXBuildFile; productRef = 236F6EE42DF37CEB005BFDB0 /* FirebaseAnalyticsCore */; };
		236F6EE72DF37CEB005BFDB0 /* FirebaseAnalyticsIdentitySupport in Frameworks */ = {isa = PBXBuildFile; productRef = 236F6EE62DF37CEB005BFDB0 /* FirebaseAnalyticsIdentitySupport */; };
		236F6EE92DF37CEB005BFDB0 /* FirebaseAnalyticsOnDeviceConversion in Frameworks */ = {isa = PBXBuildFile; productRef = 236F6EE82DF37CEB005BFDB0 /* FirebaseAnalyticsOnDeviceConversion */; };
		236F6EEB2DF37CEB005BFDB0 /* FirebaseAnalyticsWithoutAdIdSupport in Frameworks */ = {isa = PBXBuildFile; productRef = 236F6EEA2DF37CEB005BFDB0 /* FirebaseAnalyticsWithoutAdIdSupport */; };
		236F6EED2DF37CEB005BFDB0 /* FirebaseAppCheck in Frameworks */ = {isa = PBXBuildFile; productRef = 236F6EEC2DF37CEB005BFDB0 /* FirebaseAppCheck */; };
		236F6EEF2DF37CEB005BFDB0 /* FirebaseAppDistribution-Beta in Frameworks */ = {isa = PBXBuildFile; productRef = 236F6EEE2DF37CEB005BFDB0 /* FirebaseAppDistribution-Beta */; };
		236F6EF12DF37CEB005BFDB0 /* FirebaseAuth in Frameworks */ = {isa = PBXBuildFile; productRef = 236F6EF02DF37CEB005BFDB0 /* FirebaseAuth */; };
		236F6EF32DF37CEB005BFDB0 /* FirebaseAuthCombine-Community in Frameworks */ = {isa = PBXBuildFile; productRef = 236F6EF22DF37CEB005BFDB0 /* FirebaseAuthCombine-Community */; };
		236F6EF52DF37CEB005BFDB0 /* FirebaseCore in Frameworks */ = {isa = PBXBuildFile; productRef = 236F6EF42DF37CEB005BFDB0 /* FirebaseCore */; };
		236F6EF72DF37CEB005BFDB0 /* FirebaseCrashlytics in Frameworks */ = {isa = PBXBuildFile; productRef = 236F6EF62DF37CEB005BFDB0 /* FirebaseCrashlytics */; };
		236F6EF92DF37CEB005BFDB0 /* FirebaseDatabase in Frameworks */ = {isa = PBXBuildFile; productRef = 236F6EF82DF37CEB005BFDB0 /* FirebaseDatabase */; };
		236F6EFB2DF37CEB005BFDB0 /* FirebaseDynamicLinks in Frameworks */ = {isa = PBXBuildFile; productRef = 236F6EFA2DF37CEB005BFDB0 /* FirebaseDynamicLinks */; };
		236F6EFD2DF37CEB005BFDB0 /* FirebaseFirestore in Frameworks */ = {isa = PBXBuildFile; productRef = 236F6EFC2DF37CEB005BFDB0 /* FirebaseFirestore */; };
		236F6EFF2DF37CEB005BFDB0 /* FirebaseFirestoreCombine-Community in Frameworks */ = {isa = PBXBuildFile; productRef = 236F6EFE2DF37CEB005BFDB0 /* FirebaseFirestoreCombine-Community */; };
		236F6F012DF37CEB005BFDB0 /* FirebaseFunctions in Frameworks */ = {isa = PBXBuildFile; productRef = 236F6F002DF37CEB005BFDB0 /* FirebaseFunctions */; };
		236F6F032DF37CEB005BFDB0 /* FirebaseFunctionsCombine-Community in Frameworks */ = {isa = PBXBuildFile; productRef = 236F6F022DF37CEB005BFDB0 /* FirebaseFunctionsCombine-Community */; };
		236F6F052DF37CEB005BFDB0 /* FirebaseInAppMessaging-Beta in Frameworks */ = {isa = PBXBuildFile; productRef = 236F6F042DF37CEB005BFDB0 /* FirebaseInAppMessaging-Beta */; };
		236F6F072DF37CEB005BFDB0 /* FirebaseInstallations in Frameworks */ = {isa = PBXBuildFile; productRef = 236F6F062DF37CEB005BFDB0 /* FirebaseInstallations */; };
		236F6F092DF37CEB005BFDB0 /* FirebaseMLModelDownloader in Frameworks */ = {isa = PBXBuildFile; productRef = 236F6F082DF37CEB005BFDB0 /* FirebaseMLModelDownloader */; };
		236F6F0B2DF37CEB005BFDB0 /* FirebaseMessaging in Frameworks */ = {isa = PBXBuildFile; productRef = 236F6F0A2DF37CEB005BFDB0 /* FirebaseMessaging */; };
		236F6F0D2DF37CEB005BFDB0 /* FirebasePerformance in Frameworks */ = {isa = PBXBuildFile; productRef = 236F6F0C2DF37CEB005BFDB0 /* FirebasePerformance */; };
		236F6F0F2DF37CEB005BFDB0 /* FirebaseRemoteConfig in Frameworks */ = {isa = PBXBuildFile; productRef = 236F6F0E2DF37CEB005BFDB0 /* FirebaseRemoteConfig */; };
		236F6F112DF37CEB005BFDB0 /* FirebaseStorage in Frameworks */ = {isa = PBXBuildFile; productRef = 236F6F102DF37CEB005BFDB0 /* FirebaseStorage */; };
		236F6F132DF37CEB005BFDB0 /* FirebaseStorageCombine-Community in Frameworks */ = {isa = PBXBuildFile; productRef = 236F6F122DF37CEB005BFDB0 /* FirebaseStorageCombine-Community */; };
		236F6F152DF37CEB005BFDB0 /* FirebaseVertexAI in Frameworks */ = {isa = PBXBuildFile; productRef = 236F6F142DF37CEB005BFDB0 /* FirebaseVertexAI */; };
/* End PBXBuildFile section */

/* Begin PBXContainerItemProxy section */
		23F544DC2DF375C600296E9E /* PBXContainerItemProxy */ = {
			isa = PBXContainerItemProxy;
			containerPortal = 23F544BD2DF375C400296E9E /* Project object */;
			proxyType = 1;
			remoteGlobalIDString = 23F544C42DF375C400296E9E;
			remoteInfo = myWallet;
		};
		23F544E62DF375C600296E9E /* PBXContainerItemProxy */ = {
			isa = PBXContainerItemProxy;
			containerPortal = 23F544BD2DF375C400296E9E /* Project object */;
			proxyType = 1;
			remoteGlobalIDString = 23F544C42DF375C400296E9E;
			remoteInfo = myWallet;
		};
/* End PBXContainerItemProxy section */

/* Begin PBXFileReference section */
		23F544C52DF375C400296E9E /* myWallet.app */ = {isa = PBXFileReference; explicitFileType = wrapper.application; includeInIndex = 0; path = myWallet.app; sourceTree = BUILT_PRODUCTS_DIR; };
		23F544DB2DF375C600296E9E /* myWalletTests.xctest */ = {isa = PBXFileReference; explicitFileType = wrapper.cfbundle; includeInIndex = 0; path = myWalletTests.xctest; sourceTree = BUILT_PRODUCTS_DIR; };
		23F544E52DF375C600296E9E /* myWalletUITests.xctest */ = {isa = PBXFileReference; explicitFileType = wrapper.cfbundle; includeInIndex = 0; path = myWalletUITests.xctest; sourceTree = BUILT_PRODUCTS_DIR; };
/* End PBXFileReference section */

/* Begin PBXFileSystemSynchronizedBuildFileExceptionSet section */
		23F544ED2DF375C600296E9E /* Exceptions for "myWallet" folder in "myWallet" target */ = {
			isa = PBXFileSystemSynchronizedBuildFileExceptionSet;
			membershipExceptions = (
				Info.plist,
			);
			target = 23F544C42DF375C400296E9E /* myWallet */;
		};
/* End PBXFileSystemSynchronizedBuildFileExceptionSet section */

/* Begin PBXFileSystemSynchronizedRootGroup section */
		23F544C72DF375C400296E9E /* myWallet */ = {
			isa = PBXFileSystemSynchronizedRootGroup;
			exceptions = (
				23F544ED2DF375C600296E9E /* Exceptions for "myWallet" folder in "myWallet" target */,
			);
			path = myWallet;
			sourceTree = "<group>";
		};
		23F544DE2DF375C600296E9E /* myWalletTests */ = {
			isa = PBXFileSystemSynchronizedRootGroup;
			path = myWalletTests;
			sourceTree = "<group>";
		};
		23F544E82DF375C600296E9E /* myWalletUITests */ = {
			isa = PBXFileSystemSynchronizedRootGroup;
			path = myWalletUITests;
			sourceTree = "<group>";
		};
/* End PBXFileSystemSynchronizedRootGroup section */

/* Begin PBXFrameworksBuildPhase section */
		23F544C22DF375C400296E9E /* Frameworks */ = {
			isa = PBXFrameworksBuildPhase;
			buildActionMask = 2147483647;
			files = (
				236F6F012DF37CEB005BFDB0 /* FirebaseFunctions in Frameworks */,
				236F6EF92DF37CEB005BFDB0 /* FirebaseDatabase in Frameworks */,
				236F6EE72DF37CEB005BFDB0 /* FirebaseAnalyticsIdentitySupport in Frameworks */,
				236F6F112DF37CEB005BFDB0 /* FirebaseStorage in Frameworks */,
				236F6EEB2DF37CEB005BFDB0 /* FirebaseAnalyticsWithoutAdIdSupport in Frameworks */,
				236F6EF52DF37CEB005BFDB0 /* FirebaseCore in Frameworks */,
				236F6EE32DF37CEB005BFDB0 /* FirebaseAnalytics in Frameworks */,
				236F6F092DF37CEB005BFDB0 /* FirebaseMLModelDownloader in Frameworks */,
				236F6EFB2DF37CEB005BFDB0 /* FirebaseDynamicLinks in Frameworks */,
				236F6EE92DF37CEB005BFDB0 /* FirebaseAnalyticsOnDeviceConversion in Frameworks */,
				236F6EF12DF37CEB005BFDB0 /* FirebaseAuth in Frameworks */,
				236F6EFD2DF37CEB005BFDB0 /* FirebaseFirestore in Frameworks */,
				236F6EFF2DF37CEB005BFDB0 /* FirebaseFirestoreCombine-Community in Frameworks */,
				236F6F152DF37CEB005BFDB0 /* FirebaseVertexAI in Frameworks */,
				236F6F052DF37CEB005BFDB0 /* FirebaseInAppMessaging-Beta in Frameworks */,
				236F6F032DF37CEB005BFDB0 /* FirebaseFunctionsCombine-Community in Frameworks */,
				236F6EED2DF37CEB005BFDB0 /* FirebaseAppCheck in Frameworks */,
				236F6F132DF37CEB005BFDB0 /* FirebaseStorageCombine-Community in Frameworks */,
				236F6F0F2DF37CEB005BFDB0 /* FirebaseRemoteConfig in Frameworks */,
				236F6EE52DF37CEB005BFDB0 /* FirebaseAnalyticsCore in Frameworks */,
				236F6EE12DF37CEB005BFDB0 /* FirebaseAI in Frameworks */,
				236F6F0D2DF37CEB005BFDB0 /* FirebasePerformance in Frameworks */,
				236F6EF72DF37CEB005BFDB0 /* FirebaseCrashlytics in Frameworks */,
				236F6EEF2DF37CEB005BFDB0 /* FirebaseAppDistribution-Beta in Frameworks */,
				236F6EF32DF37CEB005BFDB0 /* FirebaseAuthCombine-Community in Frameworks */,
				236F6F0B2DF37CEB005BFDB0 /* FirebaseMessaging in Frameworks */,
				236F6F072DF37CEB005BFDB0 /* FirebaseInstallations in Frameworks */,
			);
			runOnlyForDeploymentPostprocessing = 0;
		};
		23F544D82DF375C600296E9E /* Frameworks */ = {
			isa = PBXFrameworksBuildPhase;
			buildActionMask = 2147483647;
			files = (
			);
			runOnlyForDeploymentPostprocessing = 0;
		};
		23F544E22DF375C600296E9E /* Frameworks */ = {
			isa = PBXFrameworksBuildPhase;
			buildActionMask = 2147483647;
			files = (
			);
			runOnlyForDeploymentPostprocessing = 0;
		};
/* End PBXFrameworksBuildPhase section */

/* Begin PBXGroup section */
		23F544BC2DF375C400296E9E = {
			isa = PBXGroup;
			children = (
				23F544C72DF375C400296E9E /* myWallet */,
				23F544DE2DF375C600296E9E /* myWalletTests */,
				23F544E82DF375C600296E9E /* myWalletUITests */,
				23F544C62DF375C400296E9E /* Products */,
			);
			sourceTree = "<group>";
		};
		23F544C62DF375C400296E9E /* Products */ = {
			isa = PBXGroup;
			children = (
				23F544C52DF375C400296E9E /* myWallet.app */,
				23F544DB2DF375C600296E9E /* myWalletTests.xctest */,
				23F544E52DF375C600296E9E /* myWalletUITests.xctest */,
			);
			name = Products;
			sourceTree = "<group>";
		};
/* End PBXGroup section */

/* Begin PBXNativeTarget section */
		23F544C42DF375C400296E9E /* myWallet */ = {
			isa = PBXNativeTarget;
			buildConfigurationList = 23F544EE2DF375C600296E9E /* Build configuration list for PBXNativeTarget "myWallet" */;
			buildPhases = (
				23F544C12DF375C400296E9E /* Sources */,
				23F544C22DF375C400296E9E /* Frameworks */,
				23F544C32DF375C400296E9E /* Resources */,
			);
			buildRules = (
			);
			dependencies = (
			);
			fileSystemSynchronizedGroups = (
				23F544C72DF375C400296E9E /* myWallet */,
			);
			name = myWallet;
			packageProductDependencies = (
				236F6EE02DF37CEB005BFDB0 /* FirebaseAI */,
				236F6EE22DF37CEB005BFDB0 /* FirebaseAnalytics */,
				236F6EE42DF37CEB005BFDB0 /* FirebaseAnalyticsCore */,
				236F6EE62DF37CEB005BFDB0 /* FirebaseAnalyticsIdentitySupport */,
				236F6EE82DF37CEB005BFDB0 /* FirebaseAnalyticsOnDeviceConversion */,
				236F6EEA2DF37CEB005BFDB0 /* FirebaseAnalyticsWithoutAdIdSupport */,
				236F6EEC2DF37CEB005BFDB0 /* FirebaseAppCheck */,
				236F6EEE2DF37CEB005BFDB0 /* FirebaseAppDistribution-Beta */,
				236F6EF02DF37CEB005BFDB0 /* FirebaseAuth */,
				236F6EF22DF37CEB005BFDB0 /* FirebaseAuthCombine-Community */,
				236F6EF42DF37CEB005BFDB0 /* FirebaseCore */,
				236F6EF62DF37CEB005BFDB0 /* FirebaseCrashlytics */,
				236F6EF82DF37CEB005BFDB0 /* FirebaseDatabase */,
				236F6EFA2DF37CEB005BFDB0 /* FirebaseDynamicLinks */,
				236F6EFC2DF37CEB005BFDB0 /* FirebaseFirestore */,
				236F6EFE2DF37CEB005BFDB0 /* FirebaseFirestoreCombine-Community */,
				236F6F002DF37CEB005BFDB0 /* FirebaseFunctions */,
				236F6F022DF37CEB005BFDB0 /* FirebaseFunctionsCombine-Community */,
				236F6F042DF37CEB005BFDB0 /* FirebaseInAppMessaging-Beta */,
				236F6F062DF37CEB005BFDB0 /* FirebaseInstallations */,
				236F6F082DF37CEB005BFDB0 /* FirebaseMLModelDownloader */,
				236F6F0A2DF37CEB005BFDB0 /* FirebaseMessaging */,
				236F6F0C2DF37CEB005BFDB0 /* FirebasePerformance */,
				236F6F0E2DF37CEB005BFDB0 /* FirebaseRemoteConfig */,
				236F6F102DF37CEB005BFDB0 /* FirebaseStorage */,
				236F6F122DF37CEB005BFDB0 /* FirebaseStorageCombine-Community */,
				236F6F142DF37CEB005BFDB0 /* FirebaseVertexAI */,
			);
			productName = myWallet;
			productReference = 23F544C52DF375C400296E9E /* myWallet.app */;
			productType = "com.apple.product-type.application";
		};
		23F544DA2DF375C600296E9E /* myWalletTests */ = {
			isa = PBXNativeTarget;
			buildConfigurationList = 23F544F32DF375C600296E9E /* Build configuration list for PBXNativeTarget "myWalletTests" */;
			buildPhases = (
				23F544D72DF375C600296E9E /* Sources */,
				23F544D82DF375C600296E9E /* Frameworks */,
				23F544D92DF375C600296E9E /* Resources */,
			);
			buildRules = (
			);
			dependencies = (
				23F544DD2DF375C600296E9E /* PBXTargetDependency */,
			);
			fileSystemSynchronizedGroups = (
				23F544DE2DF375C600296E9E /* myWalletTests */,
			);
			name = myWalletTests;
			packageProductDependencies = (
			);
			productName = myWalletTests;
			productReference = 23F544DB2DF375C600296E9E /* myWalletTests.xctest */;
			productType = "com.apple.product-type.bundle.unit-test";
		};
		23F544E42DF375C600296E9E /* myWalletUITests */ = {
			isa = PBXNativeTarget;
			buildConfigurationList = 23F544F62DF375C600296E9E /* Build configuration list for PBXNativeTarget "myWalletUITests" */;
			buildPhases = (
				23F544E12DF375C600296E9E /* Sources */,
				23F544E22DF375C600296E9E /* Frameworks */,
				23F544E32DF375C600296E9E /* Resources */,
			);
			buildRules = (
			);
			dependencies = (
				23F544E72DF375C600296E9E /* PBXTargetDependency */,
			);
			fileSystemSynchronizedGroups = (
				23F544E82DF375C600296E9E /* myWalletUITests */,
			);
			name = myWalletUITests;
			packageProductDependencies = (
			);
			productName = myWalletUITests;
			productReference = 23F544E52DF375C600296E9E /* myWalletUITests.xctest */;
			productType = "com.apple.product-type.bundle.ui-testing";
		};
/* End PBXNativeTarget section */

/* Begin PBXProject section */
		23F544BD2DF375C400296E9E /* Project object */ = {
			isa = PBXProject;
			attributes = {
				BuildIndependentTargetsInParallel = 1;
				LastSwiftUpdateCheck = 1630;
				LastUpgradeCheck = 1630;
				TargetAttributes = {
					23F544C42DF375C400296E9E = {
						CreatedOnToolsVersion = 16.3;
					};
					23F544DA2DF375C600296E9E = {
						CreatedOnToolsVersion = 16.3;
						TestTargetID = 23F544C42DF375C400296E9E;
					};
					23F544E42DF375C600296E9E = {
						CreatedOnToolsVersion = 16.3;
						TestTargetID = 23F544C42DF375C400296E9E;
					};
				};
			};
			buildConfigurationList = 23F544C02DF375C400296E9E /* Build configuration list for PBXProject "myWallet" */;
			developmentRegion = en;
			hasScannedForEncodings = 0;
			knownRegions = (
				en,
				Base,
			);
			mainGroup = 23F544BC2DF375C400296E9E;
			minimizedProjectReferenceProxies = 1;
			packageReferences = (
				236F6EDF2DF37B65005BFDB0 /* XCRemoteSwiftPackageReference "firebase-ios-sdk" */,
			);
			preferredProjectObjectVersion = 77;
			productRefGroup = 23F544C62DF375C400296E9E /* Products */;
			projectDirPath = "";
			projectRoot = "";
			targets = (
				23F544C42DF375C400296E9E /* myWallet */,
				23F544DA2DF375C600296E9E /* myWalletTests */,
				23F544E42DF375C600296E9E /* myWalletUITests */,
			);
		};
/* End PBXProject section */

/* Begin PBXResourcesBuildPhase section */
		23F544C32DF375C400296E9E /* Resources */ = {
			isa = PBXResourcesBuildPhase;
			buildActionMask = 2147483647;
			files = (
			);
			runOnlyForDeploymentPostprocessing = 0;
		};
		23F544D92DF375C600296E9E /* Resources */ = {
			isa = PBXResourcesBuildPhase;
			buildActionMask = 2147483647;
			files = (
			);
			runOnlyForDeploymentPostprocessing = 0;
		};
		23F544E32DF375C600296E9E /* Resources */ = {
			isa = PBXResourcesBuildPhase;
			buildActionMask = 2147483647;
			files = (
			);
			runOnlyForDeploymentPostprocessing = 0;
		};
/* End PBXResourcesBuildPhase section */

/* Begin PBXSourcesBuildPhase section */
		23F544C12DF375C400296E9E /* Sources */ = {
			isa = PBXSourcesBuildPhase;
			buildActionMask = 2147483647;
			files = (
			);
			runOnlyForDeploymentPostprocessing = 0;
		};
		23F544D72DF375C600296E9E /* Sources */ = {
			isa = PBXSourcesBuildPhase;
			buildActionMask = 2147483647;
			files = (
			);
			runOnlyForDeploymentPostprocessing = 0;
		};
		23F544E12DF375C600296E9E /* Sources */ = {
			isa = PBXSourcesBuildPhase;
			buildActionMask = 2147483647;
			files = (
			);
			runOnlyForDeploymentPostprocessing = 0;
		};
/* End PBXSourcesBuildPhase section */

/* Begin PBXTargetDependency section */
		23F544DD2DF375C600296E9E /* PBXTargetDependency */ = {
			isa = PBXTargetDependency;
			target = 23F544C42DF375C400296E9E /* myWallet */;
			targetProxy = 23F544DC2DF375C600296E9E /* PBXContainerItemProxy */;
		};
		23F544E72DF375C600296E9E /* PBXTargetDependency */ = {
			isa = PBXTargetDependency;
			target = 23F544C42DF375C400296E9E /* myWallet */;
			targetProxy = 23F544E62DF375C600296E9E /* PBXContainerItemProxy */;
		};
/* End PBXTargetDependency section */

/* Begin XCBuildConfiguration section */
		23F544EF2DF375C600296E9E /* Debug */ = {
			isa = XCBuildConfiguration;
			buildSettings = {
				ASSETCATALOG_COMPILER_APPICON_NAME = AppIcon;
				ASSETCATALOG_COMPILER_GLOBAL_ACCENT_COLOR_NAME = AccentColor;
				CODE_SIGN_STYLE = Automatic;
				CURRENT_PROJECT_VERSION = 1;
				DEVELOPMENT_TEAM = VS4BXRVJRY;
				GENERATE_INFOPLIST_FILE = YES;
				INFOPLIST_FILE = myWallet/Info.plist;
				INFOPLIST_KEY_CFBundleDisplayName = myWallet;
				INFOPLIST_KEY_UIApplicationSupportsIndirectInputEvents = YES;
				INFOPLIST_KEY_UILaunchStoryboardName = LaunchScreen;
				INFOPLIST_KEY_UIMainStoryboardFile = Main;
				INFOPLIST_KEY_UISupportedInterfaceOrientations_iPad = "UIInterfaceOrientationPortrait UIInterfaceOrientationPortraitUpsideDown UIInterfaceOrientationLandscapeLeft UIInterfaceOrientationLandscapeRight";
				INFOPLIST_KEY_UISupportedInterfaceOrientations_iPhone = "UIInterfaceOrientationPortrait UIInterfaceOrientationLandscapeLeft UIInterfaceOrientationLandscapeRight";
				LD_RUNPATH_SEARCH_PATHS = (
					"$(inherited)",
					"@executable_path/Frameworks",
				);
				MARKETING_VERSION = 1.0;
				PRODUCT_BUNDLE_IDENTIFIER = com.orkunalpalim.myWallet;
				PRODUCT_NAME = "$(TARGET_NAME)";
				SWIFT_EMIT_LOC_STRINGS = YES;
				SWIFT_VERSION = 5.0;
				TARGETED_DEVICE_FAMILY = "1,2";
			};
			name = Debug;
		};
		23F544F02DF375C600296E9E /* Release */ = {
			isa = XCBuildConfiguration;
			buildSettings = {
				ASSETCATALOG_COMPILER_APPICON_NAME = AppIcon;
				ASSETCATALOG_COMPILER_GLOBAL_ACCENT_COLOR_NAME = AccentColor;
				CODE_SIGN_STYLE = Automatic;
				CURRENT_PROJECT_VERSION = 1;
				DEVELOPMENT_TEAM = VS4BXRVJRY;
				GENERATE_INFOPLIST_FILE = YES;
				INFOPLIST_FILE = myWallet/Info.plist;
				INFOPLIST_KEY_CFBundleDisplayName = myWallet;
				INFOPLIST_KEY_UIApplicationSupportsIndirectInputEvents = YES;
				INFOPLIST_KEY_UILaunchStoryboardName = LaunchScreen;
				INFOPLIST_KEY_UIMainStoryboardFile = Main;
				INFOPLIST_KEY_UISupportedInterfaceOrientations_iPad = "UIInterfaceOrientationPortrait UIInterfaceOrientationPortraitUpsideDown UIInterfaceOrientationLandscapeLeft UIInterfaceOrientationLandscapeRight";
				INFOPLIST_KEY_UISupportedInterfaceOrientations_iPhone = "UIInterfaceOrientationPortrait UIInterfaceOrientationLandscapeLeft UIInterfaceOrientationLandscapeRight";
				LD_RUNPATH_SEARCH_PATHS = (
					"$(inherited)",
					"@executable_path/Frameworks",
				);
				MARKETING_VERSION = 1.0;
				PRODUCT_BUNDLE_IDENTIFIER = com.orkunalpalim.myWallet;
				PRODUCT_NAME = "$(TARGET_NAME)";
				SWIFT_EMIT_LOC_STRINGS = YES;
				SWIFT_VERSION = 5.0;
				TARGETED_DEVICE_FAMILY = "1,2";
			};
			name = Release;
		};
		23F544F12DF375C600296E9E /* Debug */ = {
			isa = XCBuildConfiguration;
			buildSettings = {
				ALWAYS_SEARCH_USER_PATHS = NO;
				ASSETCATALOG_COMPILER_GENERATE_SWIFT_ASSET_SYMBOL_EXTENSIONS = YES;
				CLANG_ANALYZER_NONNULL = YES;
				CLANG_ANALYZER_NUMBER_OBJECT_CONVERSION = YES_AGGRESSIVE;
				CLANG_CXX_LANGUAGE_STANDARD = "gnu++20";
				CLANG_ENABLE_MODULES = YES;
				CLANG_ENABLE_OBJC_ARC = YES;
				CLANG_ENABLE_OBJC_WEAK = YES;
				CLANG_WARN_BLOCK_CAPTURE_AUTORELEASING = YES;
				CLANG_WARN_BOOL_CONVERSION = YES;
				CLANG_WARN_COMMA = YES;
				CLANG_WARN_CONSTANT_CONVERSION = YES;
				CLANG_WARN_DEPRECATED_OBJC_IMPLEMENTATIONS = YES;
				CLANG_WARN_DIRECT_OBJC_ISA_USAGE = YES_ERROR;
				CLANG_WARN_DOCUMENTATION_COMMENTS = YES;
				CLANG_WARN_EMPTY_BODY = YES;
				CLANG_WARN_ENUM_CONVERSION = YES;
				CLANG_WARN_INFINITE_RECURSION = YES;
				CLANG_WARN_INT_CONVERSION = YES;
				CLANG_WARN_NON_LITERAL_NULL_CONVERSION = YES;
				CLANG_WARN_OBJC_IMPLICIT_RETAIN_SELF = YES;
				CLANG_WARN_OBJC_LITERAL_CONVERSION = YES;
				CLANG_WARN_OBJC_ROOT_CLASS = YES_ERROR;
				CLANG_WARN_QUOTED_INCLUDE_IN_FRAMEWORK_HEADER = YES;
				CLANG_WARN_RANGE_LOOP_ANALYSIS = YES;
				CLANG_WARN_STRICT_PROTOTYPES = YES;
				CLANG_WARN_SUSPICIOUS_MOVE = YES;
				CLANG_WARN_UNGUARDED_AVAILABILITY = YES_AGGRESSIVE;
				CLANG_WARN_UNREACHABLE_CODE = YES;
				CLANG_WARN__DUPLICATE_METHOD_MATCH = YES;
				COPY_PHASE_STRIP = NO;
				DEBUG_INFORMATION_FORMAT = dwarf;
				DEVELOPMENT_TEAM = VS4BXRVJRY;
				ENABLE_STRICT_OBJC_MSGSEND = YES;
				ENABLE_TESTABILITY = YES;
				ENABLE_USER_SCRIPT_SANDBOXING = YES;
				GCC_C_LANGUAGE_STANDARD = gnu17;
				GCC_DYNAMIC_NO_PIC = NO;
				GCC_NO_COMMON_BLOCKS = YES;
				GCC_OPTIMIZATION_LEVEL = 0;
				GCC_PREPROCESSOR_DEFINITIONS = (
					"DEBUG=1",
					"$(inherited)",
				);
				GCC_WARN_64_TO_32_BIT_CONVERSION = YES;
				GCC_WARN_ABOUT_RETURN_TYPE = YES_ERROR;
				GCC_WARN_UNDECLARED_SELECTOR = YES;
				GCC_WARN_UNINITIALIZED_AUTOS = YES_AGGRESSIVE;
				GCC_WARN_UNUSED_FUNCTION = YES;
				GCC_WARN_UNUSED_VARIABLE = YES;
				IPHONEOS_DEPLOYMENT_TARGET = 18.4;
				LOCALIZATION_PREFERS_STRING_CATALOGS = YES;
				MTL_ENABLE_DEBUG_INFO = INCLUDE_SOURCE;
				MTL_FAST_MATH = YES;
				ONLY_ACTIVE_ARCH = YES;
				SDKROOT = iphoneos;
				SWIFT_ACTIVE_COMPILATION_CONDITIONS = "DEBUG $(inherited)";
				SWIFT_OPTIMIZATION_LEVEL = "-Onone";
			};
			name = Debug;
		};
		23F544F22DF375C600296E9E /* Release */ = {
			isa = XCBuildConfiguration;
			buildSettings = {
				ALWAYS_SEARCH_USER_PATHS = NO;
				ASSETCATALOG_COMPILER_GENERATE_SWIFT_ASSET_SYMBOL_EXTENSIONS = YES;
				CLANG_ANALYZER_NONNULL = YES;
				CLANG_ANALYZER_NUMBER_OBJECT_CONVERSION = YES_AGGRESSIVE;
				CLANG_CXX_LANGUAGE_STANDARD = "gnu++20";
				CLANG_ENABLE_MODULES = YES;
				CLANG_ENABLE_OBJC_ARC = YES;
				CLANG_ENABLE_OBJC_WEAK = YES;
				CLANG_WARN_BLOCK_CAPTURE_AUTORELEASING = YES;
				CLANG_WARN_BOOL_CONVERSION = YES;
				CLANG_WARN_COMMA = YES;
				CLANG_WARN_CONSTANT_CONVERSION = YES;
				CLANG_WARN_DEPRECATED_OBJC_IMPLEMENTATIONS = YES;
				CLANG_WARN_DIRECT_OBJC_ISA_USAGE = YES_ERROR;
				CLANG_WARN_DOCUMENTATION_COMMENTS = YES;
				CLANG_WARN_EMPTY_BODY = YES;
				CLANG_WARN_ENUM_CONVERSION = YES;
				CLANG_WARN_INFINITE_RECURSION = YES;
				CLANG_WARN_INT_CONVERSION = YES;
				CLANG_WARN_NON_LITERAL_NULL_CONVERSION = YES;
				CLANG_WARN_OBJC_IMPLICIT_RETAIN_SELF = YES;
				CLANG_WARN_OBJC_LITERAL_CONVERSION = YES;
				CLANG_WARN_OBJC_ROOT_CLASS = YES_ERROR;
				CLANG_WARN_QUOTED_INCLUDE_IN_FRAMEWORK_HEADER = YES;
				CLANG_WARN_RANGE_LOOP_ANALYSIS = YES;
				CLANG_WARN_STRICT_PROTOTYPES = YES;
				CLANG_WARN_SUSPICIOUS_MOVE = YES;
				CLANG_WARN_UNGUARDED_AVAILABILITY = YES_AGGRESSIVE;
				CLANG_WARN_UNREACHABLE_CODE = YES;
				CLANG_WARN__DUPLICATE_METHOD_MATCH = YES;
				COPY_PHASE_STRIP = NO;
				DEBUG_INFORMATION_FORMAT = "dwarf-with-dsym";
				DEVELOPMENT_TEAM = VS4BXRVJRY;
				ENABLE_NS_ASSERTIONS = NO;
				ENABLE_STRICT_OBJC_MSGSEND = YES;
				ENABLE_USER_SCRIPT_SANDBOXING = YES;
				GCC_C_LANGUAGE_STANDARD = gnu17;
				GCC_NO_COMMON_BLOCKS = YES;
				GCC_WARN_64_TO_32_BIT_CONVERSION = YES;
				GCC_WARN_ABOUT_RETURN_TYPE = YES_ERROR;
				GCC_WARN_UNDECLARED_SELECTOR = YES;
				GCC_WARN_UNINITIALIZED_AUTOS = YES_AGGRESSIVE;
				GCC_WARN_UNUSED_FUNCTION = YES;
				GCC_WARN_UNUSED_VARIABLE = YES;
				IPHONEOS_DEPLOYMENT_TARGET = 18.4;
				LOCALIZATION_PREFERS_STRING_CATALOGS = YES;
				MTL_ENABLE_DEBUG_INFO = NO;
				MTL_FAST_MATH = YES;
				SDKROOT = iphoneos;
				SWIFT_COMPILATION_MODE = wholemodule;
				VALIDATE_PRODUCT = YES;
			};
			name = Release;
		};
		23F544F42DF375C600296E9E /* Debug */ = {
			isa = XCBuildConfiguration;
			buildSettings = {
				BUNDLE_LOADER = "$(TEST_HOST)";
				CODE_SIGN_STYLE = Automatic;
				CURRENT_PROJECT_VERSION = 1;
				DEVELOPMENT_TEAM = VS4BXRVJRY;
				GENERATE_INFOPLIST_FILE = YES;
				IPHONEOS_DEPLOYMENT_TARGET = 18.4;
				MARKETING_VERSION = 1.0;
				PRODUCT_BUNDLE_IDENTIFIER = com.orkunalpalim.myWalletTests;
				PRODUCT_NAME = "$(TARGET_NAME)";
				SWIFT_EMIT_LOC_STRINGS = NO;
				SWIFT_VERSION = 5.0;
				TARGETED_DEVICE_FAMILY = "1,2";
				TEST_HOST = "$(BUILT_PRODUCTS_DIR)/myWallet.app/$(BUNDLE_EXECUTABLE_FOLDER_PATH)/myWallet";
			};
			name = Debug;
		};
		23F544F52DF375C600296E9E /* Release */ = {
			isa = XCBuildConfiguration;
			buildSettings = {
				BUNDLE_LOADER = "$(TEST_HOST)";
				CODE_SIGN_STYLE = Automatic;
				CURRENT_PROJECT_VERSION = 1;
				DEVELOPMENT_TEAM = VS4BXRVJRY;
				GENERATE_INFOPLIST_FILE = YES;
				IPHONEOS_DEPLOYMENT_TARGET = 18.4;
				MARKETING_VERSION = 1.0;
				PRODUCT_BUNDLE_IDENTIFIER = com.orkunalpalim.myWalletTests;
				PRODUCT_NAME = "$(TARGET_NAME)";
				SWIFT_EMIT_LOC_STRINGS = NO;
				SWIFT_VERSION = 5.0;
				TARGETED_DEVICE_FAMILY = "1,2";
				TEST_HOST = "$(BUILT_PRODUCTS_DIR)/myWallet.app/$(BUNDLE_EXECUTABLE_FOLDER_PATH)/myWallet";
			};
			name = Release;
		};
		23F544F72DF375C600296E9E /* Debug */ = {
			isa = XCBuildConfiguration;
			buildSettings = {
				CODE_SIGN_STYLE = Automatic;
				CURRENT_PROJECT_VERSION = 1;
				DEVELOPMENT_TEAM = VS4BXRVJRY;
				GENERATE_INFOPLIST_FILE = YES;
				MARKETING_VERSION = 1.0;
				PRODUCT_BUNDLE_IDENTIFIER = com.orkunalpalim.myWalletUITests;
				PRODUCT_NAME = "$(TARGET_NAME)";
				SWIFT_EMIT_LOC_STRINGS = NO;
				SWIFT_VERSION = 5.0;
				TARGETED_DEVICE_FAMILY = "1,2";
				TEST_TARGET_NAME = myWallet;
			};
			name = Debug;
		};
		23F544F82DF375C600296E9E /* Release */ = {
			isa = XCBuildConfiguration;
			buildSettings = {
				CODE_SIGN_STYLE = Automatic;
				CURRENT_PROJECT_VERSION = 1;
				DEVELOPMENT_TEAM = VS4BXRVJRY;
				GENERATE_INFOPLIST_FILE = YES;
				MARKETING_VERSION = 1.0;
				PRODUCT_BUNDLE_IDENTIFIER = com.orkunalpalim.myWalletUITests;
				PRODUCT_NAME = "$(TARGET_NAME)";
				SWIFT_EMIT_LOC_STRINGS = NO;
				SWIFT_VERSION = 5.0;
				TARGETED_DEVICE_FAMILY = "1,2";
				TEST_TARGET_NAME = myWallet;
			};
			name = Release;
		};
/* End XCBuildConfiguration section */

/* Begin XCConfigurationList section */
		23F544C02DF375C400296E9E /* Build configuration list for PBXProject "myWallet" */ = {
			isa = XCConfigurationList;
			buildConfigurations = (
				23F544F12DF375C600296E9E /* Debug */,
				23F544F22DF375C600296E9E /* Release */,
			);
			defaultConfigurationIsVisible = 0;
			defaultConfigurationName = Release;
		};
		23F544EE2DF375C600296E9E /* Build configuration list for PBXNativeTarget "myWallet" */ = {
			isa = XCConfigurationList;
			buildConfigurations = (
				23F544EF2DF375C600296E9E /* Debug */,
				23F544F02DF375C600296E9E /* Release */,
			);
			defaultConfigurationIsVisible = 0;
			defaultConfigurationName = Release;
		};
		23F544F32DF375C600296E9E /* Build configuration list for PBXNativeTarget "myWalletTests" */ = {
			isa = XCConfigurationList;
			buildConfigurations = (
				23F544F42DF375C600296E9E /* Debug */,
				23F544F52DF375C600296E9E /* Release */,
			);
			defaultConfigurationIsVisible = 0;
			defaultConfigurationName = Release;
		};
		23F544F62DF375C600296E9E /* Build configuration list for PBXNativeTarget "myWalletUITests" */ = {
			isa = XCConfigurationList;
			buildConfigurations = (
				23F544F72DF375C600296E9E /* Debug */,
				23F544F82DF375C600296E9E /* Release */,
			);
			defaultConfigurationIsVisible = 0;
			defaultConfigurationName = Release;
		};
/* End XCConfigurationList section */

/* Begin XCRemoteSwiftPackageReference section */
		236F6EDF2DF37B65005BFDB0 /* XCRemoteSwiftPackageReference "firebase-ios-sdk" */ = {
			isa = XCRemoteSwiftPackageReference;
			repositoryURL = "https://github.com/firebase/firebase-ios-sdk";
			requirement = {
				kind = upToNextMajorVersion;
				minimumVersion = 11.14.0;
			};
		};
/* End XCRemoteSwiftPackageReference section */

/* Begin XCSwiftPackageProductDependency section */
		236F6EE02DF37CEB005BFDB0 /* FirebaseAI */ = {
			isa = XCSwiftPackageProductDependency;
			package = 236F6EDF2DF37B65005BFDB0 /* XCRemoteSwiftPackageReference "firebase-ios-sdk" */;
			productName = FirebaseAI;
		};
		236F6EE22DF37CEB005BFDB0 /* FirebaseAnalytics */ = {
			isa = XCSwiftPackageProductDependency;
			package = 236F6EDF2DF37B65005BFDB0 /* XCRemoteSwiftPackageReference "firebase-ios-sdk" */;
			productName = FirebaseAnalytics;
		};
		236F6EE42DF37CEB005BFDB0 /* FirebaseAnalyticsCore */ = {
			isa = XCSwiftPackageProductDependency;
			package = 236F6EDF2DF37B65005BFDB0 /* XCRemoteSwiftPackageReference "firebase-ios-sdk" */;
			productName = FirebaseAnalyticsCore;
		};
		236F6EE62DF37CEB005BFDB0 /* FirebaseAnalyticsIdentitySupport */ = {
			isa = XCSwiftPackageProductDependency;
			package = 236F6EDF2DF37B65005BFDB0 /* XCRemoteSwiftPackageReference "firebase-ios-sdk" */;
			productName = FirebaseAnalyticsIdentitySupport;
		};
		236F6EE82DF37CEB005BFDB0 /* FirebaseAnalyticsOnDeviceConversion */ = {
			isa = XCSwiftPackageProductDependency;
			package = 236F6EDF2DF37B65005BFDB0 /* XCRemoteSwiftPackageReference "firebase-ios-sdk" */;
			productName = FirebaseAnalyticsOnDeviceConversion;
		};
		236F6EEA2DF37CEB005BFDB0 /* FirebaseAnalyticsWithoutAdIdSupport */ = {
			isa = XCSwiftPackageProductDependency;
			package = 236F6EDF2DF37B65005BFDB0 /* XCRemoteSwiftPackageReference "firebase-ios-sdk" */;
			productName = FirebaseAnalyticsWithoutAdIdSupport;
		};
		236F6EEC2DF37CEB005BFDB0 /* FirebaseAppCheck */ = {
			isa = XCSwiftPackageProductDependency;
			package = 236F6EDF2DF37B65005BFDB0 /* XCRemoteSwiftPackageReference "firebase-ios-sdk" */;
			productName = FirebaseAppCheck;
		};
		236F6EEE2DF37CEB005BFDB0 /* FirebaseAppDistribution-Beta */ = {
			isa = XCSwiftPackageProductDependency;
			package = 236F6EDF2DF37B65005BFDB0 /* XCRemoteSwiftPackageReference "firebase-ios-sdk" */;
			productName = "FirebaseAppDistribution-Beta";
		};
		236F6EF02DF37CEB005BFDB0 /* FirebaseAuth */ = {
			isa = XCSwiftPackageProductDependency;
			package = 236F6EDF2DF37B65005BFDB0 /* XCRemoteSwiftPackageReference "firebase-ios-sdk" */;
			productName = FirebaseAuth;
		};
		236F6EF22DF37CEB005BFDB0 /* FirebaseAuthCombine-Community */ = {
			isa = XCSwiftPackageProductDependency;
			package = 236F6EDF2DF37B65005BFDB0 /* XCRemoteSwiftPackageReference "firebase-ios-sdk" */;
			productName = "FirebaseAuthCombine-Community";
		};
		236F6EF42DF37CEB005BFDB0 /* FirebaseCore */ = {
			isa = XCSwiftPackageProductDependency;
			package = 236F6EDF2DF37B65005BFDB0 /* XCRemoteSwiftPackageReference "firebase-ios-sdk" */;
			productName = FirebaseCore;
		};
		236F6EF62DF37CEB005BFDB0 /* FirebaseCrashlytics */ = {
			isa = XCSwiftPackageProductDependency;
			package = 236F6EDF2DF37B65005BFDB0 /* XCRemoteSwiftPackageReference "firebase-ios-sdk" */;
			productName = FirebaseCrashlytics;
		};
		236F6EF82DF37CEB005BFDB0 /* FirebaseDatabase */ = {
			isa = XCSwiftPackageProductDependency;
			package = 236F6EDF2DF37B65005BFDB0 /* XCRemoteSwiftPackageReference "firebase-ios-sdk" */;
			productName = FirebaseDatabase;
		};
		236F6EFA2DF37CEB005BFDB0 /* FirebaseDynamicLinks */ = {
			isa = XCSwiftPackageProductDependency;
			package = 236F6EDF2DF37B65005BFDB0 /* XCRemoteSwiftPackageReference "firebase-ios-sdk" */;
			productName = FirebaseDynamicLinks;
		};
		236F6EFC2DF37CEB005BFDB0 /* FirebaseFirestore */ = {
			isa = XCSwiftPackageProductDependency;
			package = 236F6EDF2DF37B65005BFDB0 /* XCRemoteSwiftPackageReference "firebase-ios-sdk" */;
			productName = FirebaseFirestore;
		};
		236F6EFE2DF37CEB005BFDB0 /* FirebaseFirestoreCombine-Community */ = {
			isa = XCSwiftPackageProductDependency;
			package = 236F6EDF2DF37B65005BFDB0 /* XCRemoteSwiftPackageReference "firebase-ios-sdk" */;
			productName = "FirebaseFirestoreCombine-Community";
		};
		236F6F002DF37CEB005BFDB0 /* FirebaseFunctions */ = {
			isa = XCSwiftPackageProductDependency;
			package = 236F6EDF2DF37B65005BFDB0 /* XCRemoteSwiftPackageReference "firebase-ios-sdk" */;
			productName = FirebaseFunctions;
		};
		236F6F022DF37CEB005BFDB0 /* FirebaseFunctionsCombine-Community */ = {
			isa = XCSwiftPackageProductDependency;
			package = 236F6EDF2DF37B65005BFDB0 /* XCRemoteSwiftPackageReference "firebase-ios-sdk" */;
			productName = "FirebaseFunctionsCombine-Community";
		};
		236F6F042DF37CEB005BFDB0 /* FirebaseInAppMessaging-Beta */ = {
			isa = XCSwiftPackageProductDependency;
			package = 236F6EDF2DF37B65005BFDB0 /* XCRemoteSwiftPackageReference "firebase-ios-sdk" */;
			productName = "FirebaseInAppMessaging-Beta";
		};
		236F6F062DF37CEB005BFDB0 /* FirebaseInstallations */ = {
			isa = XCSwiftPackageProductDependency;
			package = 236F6EDF2DF37B65005BFDB0 /* XCRemoteSwiftPackageReference "firebase-ios-sdk" */;
			productName = FirebaseInstallations;
		};
		236F6F082DF37CEB005BFDB0 /* FirebaseMLModelDownloader */ = {
			isa = XCSwiftPackageProductDependency;
			package = 236F6EDF2DF37B65005BFDB0 /* XCRemoteSwiftPackageReference "firebase-ios-sdk" */;
			productName = FirebaseMLModelDownloader;
		};
		236F6F0A2DF37CEB005BFDB0 /* FirebaseMessaging */ = {
			isa = XCSwiftPackageProductDependency;
			package = 236F6EDF2DF37B65005BFDB0 /* XCRemoteSwiftPackageReference "firebase-ios-sdk" */;
			productName = FirebaseMessaging;
		};
		236F6F0C2DF37CEB005BFDB0 /* FirebasePerformance */ = {
			isa = XCSwiftPackageProductDependency;
			package = 236F6EDF2DF37B65005BFDB0 /* XCRemoteSwiftPackageReference "firebase-ios-sdk" */;
			productName = FirebasePerformance;
		};
		236F6F0E2DF37CEB005BFDB0 /* FirebaseRemoteConfig */ = {
			isa = XCSwiftPackageProductDependency;
			package = 236F6EDF2DF37B65005BFDB0 /* XCRemoteSwiftPackageReference "firebase-ios-sdk" */;
			productName = FirebaseRemoteConfig;
		};
		236F6F102DF37CEB005BFDB0 /* FirebaseStorage */ = {
			isa = XCSwiftPackageProductDependency;
			package = 236F6EDF2DF37B65005BFDB0 /* XCRemoteSwiftPackageReference "firebase-ios-sdk" */;
			productName = FirebaseStorage;
		};
		236F6F122DF37CEB005BFDB0 /* FirebaseStorageCombine-Community */ = {
			isa = XCSwiftPackageProductDependency;
			package = 236F6EDF2DF37B65005BFDB0 /* XCRemoteSwiftPackageReference "firebase-ios-sdk" */;
			productName = "FirebaseStorageCombine-Community";
		};
		236F6F142DF37CEB005BFDB0 /* FirebaseVertexAI */ = {
			isa = XCSwiftPackageProductDependency;
			package = 236F6EDF2DF37B65005BFDB0 /* XCRemoteSwiftPackageReference "firebase-ios-sdk" */;
			productName = FirebaseVertexAI;
		};
/* End XCSwiftPackageProductDependency section */
	};
	rootObject = 23F544BD2DF375C400296E9E /* Project object */;
}
